<?xml version="1.0" encoding="utf-8"?>
<Project ToolsVersion="4.0" xmlns="http://schemas.microsoft.com/developer/msbuild/2003">
  <ItemGroup>
    <Filter Include="Source Files">
      <UniqueIdentifier>{4FC737F1-C7A5-4376-A066-2A32D752A2FF}</UniqueIdentifier>
      <Extensions>cpp;c;cc;cxx;c++;cppm;ixx;def;odl;idl;hpj;bat;asm;asmx</Extensions>
    </Filter>
    <Filter Include="Header Files">
      <UniqueIdentifier>{93995380-89BD-4b04-88EB-625FBE52EBFB}</UniqueIdentifier>
      <Extensions>h;hh;hpp;hxx;h++;hm;inl;inc;ipp;xsd</Extensions>
    </Filter>
    <Filter Include="Resource Files">
      <UniqueIdentifier>{67DA6AB6-F800-4c08-8B7A-83BB121AAD01}</UniqueIdentifier>
      <Extensions>rc;ico;cur;bmp;dlg;rc2;rct;bin;rgs;gif;jpg;jpeg;jpe;resx;tiff;tif;png;wav;mfcribbon-ms</Extensions>
    </Filter>
  </ItemGroup>
  <ItemGroup>
    <ClCompile Include="Intern\Core\Renderer\Shader.cpp">
      <Filter>Source Files</Filter>
    </ClCompile>
    <ClCompile Include="Intern\Core\Renderer\Renderer.cpp">
      <Filter>Source Files</Filter>
    </ClCompile>
    <ClCompile Include="Intern\Core\Renderer\Buffers\IndexBuffer.cpp">
      <Filter>Source Files</Filter>
    </ClCompile>
    <ClCompile Include="Intern\Core\Renderer\Buffers\VertexBuffer.cpp">
      <Filter>Source Files</Filter>
    </ClCompile>
    <ClCompile Include="Intern\Core\Renderer\VertexArray.cpp">
      <Filter>Source Files</Filter>
    </ClCompile>
    <ClCompile Include="Intern\Core\Renderer\Buffers\BufferLayout.cpp">
      <Filter>Source Files</Filter>
    </ClCompile>
    <ClCompile Include="Intern\main.cpp">
      <Filter>Source Files</Filter>
    </ClCompile>
    <ClCompile Include="Intern\Core\Camera.cpp">
      <Filter>Source Files</Filter>
    </ClCompile>
    <ClCompile Include="Intern\Core\Window\Window.cpp">
      <Filter>Source Files</Filter>
    </ClCompile>
    <ClCompile Include="Intern\Math\Matrix3x3.cpp">
      <Filter>Source Files</Filter>
    </ClCompile>
    <ClCompile Include="Intern\Math\Matrix4x4.cpp">
      <Filter>Source Files</Filter>
    </ClCompile>
    <ClCompile Include="Intern\Math\Quaternion.cpp">
      <Filter>Source Files</Filter>
    </ClCompile>
    <ClCompile Include="Intern\Math\SimpleVec.cpp">
      <Filter>Source Files</Filter>
    </ClCompile>
    <ClCompile Include="Intern\Math\Vector2.cpp">
      <Filter>Source Files</Filter>
    </ClCompile>
    <ClCompile Include="Intern\Math\Vector3.cpp">
      <Filter>Source Files</Filter>
    </ClCompile>
    <ClCompile Include="Intern\Math\Math.cpp">
      <Filter>Source Files</Filter>
    </ClCompile>
    <ClCompile Include="Intern\Core\Renderer\OpenGLContext.cpp">
      <Filter>Source Files</Filter>
    </ClCompile>
    <ClCompile Include="Intern\Core\Input\Input.cpp">
      <Filter>Source Files</Filter>
    </ClCompile>
    <ClCompile Include="Intern\Core\Debug.cpp">
      <Filter>Source Files</Filter>
    </ClCompile>
    <ClCompile Include="Intern\Core\Renderer\Texture.cpp">
      <Filter>Source Files</Filter>
    </ClCompile>
    <ClCompile Include="Intern\Core\Scene.cpp">
      <Filter>Source Files</Filter>
    </ClCompile>
    <ClCompile Include="Intern\Core\Renderer\Buffers\UniformBuffer.cpp">
      <Filter>Source Files</Filter>
    </ClCompile>
    <ClCompile Include="Intern\Math\Transform.cpp">
      <Filter>Source Files</Filter>
    </ClCompile>
    <ClCompile Include="Intern\Core\SceneCameraController.cpp">
      <Filter>Source Files</Filter>
    </ClCompile>
    <ClCompile Include="Intern\Core\Mesh.cpp">
      <Filter>Source Files</Filter>
    </ClCompile>
    <ClCompile Include="Intern\Core\Model.cpp">
      <Filter>Source Files</Filter>
    </ClCompile>
    <ClCompile Include="Intern\Core\Console.cpp">
      <Filter>Source Files</Filter>
    </ClCompile>
    <ClCompile Include="Intern\Core\Actor.cpp">
      <Filter>Source Files</Filter>
    </ClCompile>
    <ClCompile Include="Intern\Core\Components\MeshRendererComponent.cpp">
      <Filter>Source Files</Filter>
    </ClCompile>
    <ClCompile Include="Intern\Core\Components\TransformComponent.cpp">
      <Filter>Source Files</Filter>
    </ClCompile>
    <ClCompile Include="Intern\Core\Components\Component.cpp">
      <Filter>Source Files</Filter>
    </ClCompile>
    <ClCompile Include="Intern\Math\Plane.cpp">
      <Filter>Source Files</Filter>
    </ClCompile>
    <ClCompile Include="Intern\Math\AABB.cpp">
      <Filter>Source Files</Filter>
    </ClCompile>
    <ClCompile Include="Intern\Math\Frustum.cpp">
      <Filter>Source Files</Filter>
    </ClCompile>
    <ClCompile Include="Intern\Core\Renderer\SkyBox.cpp">
      <Filter>Source Files</Filter>
    </ClCompile>
    <ClCompile Include="Intern\Core\Timestep.cpp">
      <Filter>Source Files</Filter>
    </ClCompile>
    <ClCompile Include="Intern\Core\Thread.cpp">
      <Filter>Source Files</Filter>
    </ClCompile>
    <ClCompile Include="Intern\Core\CommandBuffer.cpp">
      <Filter>Source Files</Filter>
    </ClCompile>
    <ClCompile Include="Intern\Core\Components\StaticMeshRendererComponent.cpp">
      <Filter>Source Files</Filter>
    </ClCompile>
    <ClCompile Include="Intern\Core\Renderer\Buffers\FrameBuffer.cpp">
      <Filter>Source Files</Filter>
    </ClCompile>
    <ClCompile Include="Intern\Core\ShadowBox.cpp">
      <Filter>Source Files</Filter>
    </ClCompile>
    <ClCompile Include="Intern\Core\GLApplication.cpp">
      <Filter>Source Files</Filter>
    </ClCompile>
    <ClCompile Include="Intern\glpch.cpp">
      <Filter>Source Files</Filter>
    </ClCompile>
    <ClCompile Include="Intern\Core\CameraController.cpp">
      <Filter>Source Files</Filter>
    </ClCompile>
    <ClCompile Include="Intern\Core\SceneCamera.cpp">
      <Filter>Source Files</Filter>
    </ClCompile>
    <ClCompile Include="Intern\Core\Window\Display.cpp">
      <Filter>Source Files</Filter>
    </ClCompile>
    <ClCompile Include="Intern\Core\Profiler.cpp">
      <Filter>Source Files</Filter>
    </ClCompile>
    <ClCompile Include="Intern\Core\Renderer\RenderAPI.cpp">
      <Filter>Source Files</Filter>
    </ClCompile>
  </ItemGroup>
  <ItemGroup>
    <ClInclude Include="Intern\Core\Renderer\Shader.h">
      <Filter>Header Files</Filter>
    </ClInclude>
    <ClInclude Include="Intern\Core\Renderer\Renderer.h">
      <Filter>Header Files</Filter>
    </ClInclude>
    <ClInclude Include="Intern\Core\Renderer\Buffers\VertexBuffer.h">
      <Filter>Header Files</Filter>
    </ClInclude>
    <ClInclude Include="Intern\Core\Renderer\Buffers\IndexBuffer.h">
      <Filter>Header Files</Filter>
    </ClInclude>
    <ClInclude Include="Intern\Core\Renderer\VertexArray.h">
      <Filter>Header Files</Filter>
    </ClInclude>
    <ClInclude Include="Intern\Core\Renderer\Buffers\BufferLayout.h">
      <Filter>Header Files</Filter>
    </ClInclude>
    <ClInclude Include="Intern\Core\Window\Window.h">
      <Filter>Header Files</Filter>
    </ClInclude>
    <ClInclude Include="Intern\Core\Camera.h">
      <Filter>Header Files</Filter>
    </ClInclude>
    <ClInclude Include="Intern\Math\fdecl.h">
      <Filter>Header Files</Filter>
    </ClInclude>
    <ClInclude Include="Intern\Math\Math.h">
      <Filter>Header Files</Filter>
    </ClInclude>
    <ClInclude Include="Intern\Math\Matrix3x3.h">
      <Filter>Header Files</Filter>
    </ClInclude>
    <ClInclude Include="Intern\Math\Matrix4x4.h">
      <Filter>Header Files</Filter>
    </ClInclude>
    <ClInclude Include="Intern\Math\Quaternion.h">
      <Filter>Header Files</Filter>
    </ClInclude>
    <ClInclude Include="Intern\Math\SimpleVec.h">
      <Filter>Header Files</Filter>
    </ClInclude>
    <ClInclude Include="Intern\Math\Vector2.h">
      <Filter>Header Files</Filter>
    </ClInclude>
    <ClInclude Include="Intern\Math\Vector3.h">
      <Filter>Header Files</Filter>
    </ClInclude>
    <ClInclude Include="Intern\Core\Renderer\OpenGLContext.h">
      <Filter>Header Files</Filter>
    </ClInclude>
    <ClInclude Include="Intern\Core\Events\ApplicationEvent.h">
      <Filter>Header Files</Filter>
    </ClInclude>
    <ClInclude Include="Intern\Core\Events\Event.h">
      <Filter>Header Files</Filter>
    </ClInclude>
    <ClInclude Include="Intern\Core\Events\KeyEvent.h">
      <Filter>Header Files</Filter>
    </ClInclude>
    <ClInclude Include="Intern\Core\Events\MouseEvent.h">
      <Filter>Header Files</Filter>
    </ClInclude>
    <ClInclude Include="Intern\Core\Input\KeyCode.h">
      <Filter>Header Files</Filter>
    </ClInclude>
    <ClInclude Include="Intern\Core\Input\Input.h">
      <Filter>Header Files</Filter>
    </ClInclude>
    <ClInclude Include="Intern\Core\Input\Mouse.h">
      <Filter>Header Files</Filter>
    </ClInclude>
    <ClInclude Include="Intern\Core\Debug.h">
      <Filter>Header Files</Filter>
    </ClInclude>
    <ClInclude Include="Intern\Core\Renderer\Texture.h">
      <Filter>Header Files</Filter>
    </ClInclude>
    <ClInclude Include="Intern\Core\Scene.h">
      <Filter>Header Files</Filter>
    </ClInclude>
    <ClInclude Include="Intern\Core\Renderer\Buffers\UniformBuffer.h">
      <Filter>Header Files</Filter>
    </ClInclude>
    <ClInclude Include="Intern\Core\SceneCameraController.h">
      <Filter>Header Files</Filter>
    </ClInclude>
    <ClInclude Include="Intern\Core\Renderer\Material.h">
      <Filter>Header Files</Filter>
    </ClInclude>
    <ClInclude Include="Intern\Core\Mesh.h">
      <Filter>Header Files</Filter>
    </ClInclude>
    <ClInclude Include="Intern\Core\Model.h">
      <Filter>Header Files</Filter>
    </ClInclude>
    <ClInclude Include="Extern\tiny_obj_loader.h">
      <Filter>Header Files</Filter>
    </ClInclude>
    <ClInclude Include="Intern\Core\Console.h">
      <Filter>Header Files</Filter>
    </ClInclude>
    <ClInclude Include="Intern\Core\Components\Component.h">
      <Filter>Header Files</Filter>
    </ClInclude>
    <ClInclude Include="Intern\Core\Components\TransformComponent.h">
      <Filter>Header Files</Filter>
    </ClInclude>
    <ClInclude Include="Intern\Core\Components\MeshRendererComponent.h">
      <Filter>Header Files</Filter>
    </ClInclude>
    <ClInclude Include="Intern\Math\AABB.h">
      <Filter>Header Files</Filter>
    </ClInclude>
    <ClInclude Include="Intern\Math\Plane.h">
      <Filter>Header Files</Filter>
    </ClInclude>
    <ClInclude Include="Intern\Math\Frustum.h">
      <Filter>Header Files</Filter>
    </ClInclude>
    <ClInclude Include="Intern\Core\Actor.h">
      <Filter>Source Files</Filter>
    </ClInclude>
    <ClInclude Include="Intern\Math\Transform.h">
      <Filter>Source Files</Filter>
    </ClInclude>
    <ClInclude Include="Intern\Core\Renderer\SkyBox.h">
      <Filter>Header Files</Filter>
    </ClInclude>
    <ClInclude Include="Intern\Core\Timestep.h">
      <Filter>Header Files</Filter>
    </ClInclude>
    <ClInclude Include="Intern\Core\Thread.h">
      <Filter>Header Files</Filter>
    </ClInclude>
    <ClInclude Include="Intern\Core\CommandBuffer.h">
      <Filter>Header Files</Filter>
    </ClInclude>
    <ClInclude Include="Intern\Core\Components\StaticMeshRendererComponent.h">
      <Filter>Header Files</Filter>
    </ClInclude>
    <ClInclude Include="Intern\Core\Renderer\Buffers\FrameBuffer.h">
      <Filter>Header Files</Filter>
    </ClInclude>
    <ClInclude Include="Intern\Core\ShadowBox.h">
      <Filter>Header Files</Filter>
    </ClInclude>
    <ClInclude Include="Intern\Core\GLApplication.h">
      <Filter>Header Files</Filter>
    </ClInclude>
    <ClInclude Include="Intern\GLib.h">
      <Filter>Header Files</Filter>
    </ClInclude>
    <ClInclude Include="Intern\glpch.h">
      <Filter>Header Files</Filter>
    </ClInclude>
    <ClInclude Include="resource.h">
      <Filter>Header Files</Filter>
    </ClInclude>
    <ClInclude Include="Intern\Core\CameraController.h">
      <Filter>Header Files</Filter>
    </ClInclude>
    <ClInclude Include="Intern\Core\SceneCamera.h">
      <Filter>Header Files</Filter>
    </ClInclude>
    <ClInclude Include="Intern\Core\GLMain.h">
      <Filter>Header Files</Filter>
    </ClInclude>
    <ClInclude Include="Intern\Core\Window\Display.h">
      <Filter>Header Files</Filter>
    </ClInclude>
    <ClInclude Include="Intern\Core\GLCore.h">
      <Filter>Header Files</Filter>
    </ClInclude>
    <ClInclude Include="Intern\GLibEntry.h">
      <Filter>Header Files</Filter>
    </ClInclude>
    <ClInclude Include="Intern\Core\Profiler.h">
      <Filter>Header Files</Filter>
    </ClInclude>
    <ClInclude Include="Intern\Core\Renderer\RenderAPI.h">
      <Filter>Header Files</Filter>
    </ClInclude>
  </ItemGroup>
</Project>